PODS:
  - Alamofire (3.1.2)
  - AlamofireImage (2.1.0):
    - Alamofire (~> 3.1)
  - APParallaxHeader (0.1.6)
  - Argo (2.2.0)
  - BusyNavigationBar (1.0.0)
  - Curry (1.4.0)
  - Eureka (1.1.0)
  - Realm (0.96.2):
    - Realm/Headers (= 0.96.2)
  - Realm/Headers (0.96.2)
  - RealmSwift (0.96.2):
    - Realm (= 0.96.2)
  - SDWebImage (3.7.3):
    - SDWebImage/Core (= 3.7.3)
  - SDWebImage/Core (3.7.3)

DEPENDENCIES:
  - Alamofire (~> 3.1)
  - AlamofireImage (~> 2.1)
  - APParallaxHeader (~> 0.1)
  - Argo (~> 2.2)
  - BusyNavigationBar
  - Curry (~> 1.4)
  - Eureka (from `https://github.com/xmartlabs/Eureka.git`)
  - Realm (~> 0.96)
  - RealmSwift (~> 0.96)
  - SDWebImage

EXTERNAL SOURCES:
  Eureka:
    :git: https://github.com/xmartlabs/Eureka.git

CHECKOUT OPTIONS:
  Eureka:
    :commit: 45ae1dc53579fdc72e2f89de4398b657750c4c08
    :git: https://github.com/xmartlabs/Eureka.git

SPEC CHECKSUMS:
  Alamofire: 7c16ca65f3c7e681fd925fd7f2dec7747ff96855
  AlamofireImage: 97e00995920d85b5cb23ee4c3b7f92605f5dc74b
  APParallaxHeader: 854bc48a2487ca12c702f8a236fec0d89cdac5c3
  Argo: 4f52a32b4cd913c204e5a45f420b3fccad3e3f24
  BusyNavigationBar: de3be8a6ab717ead7e5cb8a780be234ee2f9e375
  Curry: 294533187eedbf52db60a1e70c29b4f5c9f621c0
  Eureka: 9b198a9f4098a1e75df31dde502105bc0b7e305b
  Realm: 3ce8448151c571e90b85002d984d7f93f54fc8a3
  RealmSwift: 485599fe54e35461c4a0daa7d01d8fbf11424873
  SDWebImage: 1d2b1a1efda1ade1b00b6f8498865f8ddedc8a84

COCOAPODS: 0.39.0
