// !$*UTF8*$!
{
	archiveVersion = 1;
	classes = {
	};
	objectVersion = 46;
	objects = {

/* Begin PBXBuildFile section */
		7FC30AB41BED567800BFA883 /* AppDelegate.swift in Sources */ = {isa = PBXBuildFile; fileRef = 7FC30AB31BED567800BFA883 /* AppDelegate.swift */; };
		7FC30AB61BED567800BFA883 /* ViewController.swift in Sources */ = {isa = PBXBuildFile; fileRef = 7FC30AB51BED567800BFA883 /* ViewController.swift */; };
		7FC30AB91BED567800BFA883 /* Main.storyboard in Resources */ = {isa = PBXBuildFile; fileRef = 7FC30AB71BED567800BFA883 /* Main.storyboard */; };
		7FC30ABB1BED567800BFA883 /* Assets.xcassets in Resources */ = {isa = PBXBuildFile; fileRef = 7FC30ABA1BED567800BFA883 /* Assets.xcassets */; };
		7FC30ABE1BED567800BFA883 /* LaunchScreen.storyboard in Resources */ = {isa = PBXBuildFile; fileRef = 7FC30ABC1BED567800BFA883 /* LaunchScreen.storyboard */; };
		7FC30AC91BED567800BFA883 /* bitsplsTests.swift in Sources */ = {isa = PBXBuildFile; fileRef = 7FC30AC81BED567800BFA883 /* bitsplsTests.swift */; };
		7FC30AD41BED567800BFA883 /* bitsplsUITests.swift in Sources */ = {isa = PBXBuildFile; fileRef = 7FC30AD31BED567800BFA883 /* bitsplsUITests.swift */; };
/* End PBXBuildFile section */

/* Begin PBXContainerItemProxy section */
		7FC30AC51BED567800BFA883 /* PBXContainerItemProxy */ = {
			isa = PBXContainerItemProxy;
			containerPortal = 7FC30AA81BED567700BFA883 /* Project object */;
			proxyType = 1;
			remoteGlobalIDString = 7FC30AAF1BED567700BFA883;
			remoteInfo = bitspls;
		};
		7FC30AD01BED567800BFA883 /* PBXContainerItemProxy */ = {
			isa = PBXContainerItemProxy;
			containerPortal = 7FC30AA81BED567700BFA883 /* Project object */;
			proxyType = 1;
			remoteGlobalIDString = 7FC30AAF1BED567700BFA883;
			remoteInfo = bitspls;
		};
/* End PBXContainerItemProxy section */

/* Begin PBXFileReference section */
		7FC30AB01BED567700BFA883 /* bitspls.app */ = {isa = PBXFileReference; explicitFileType = wrapper.application; includeInIndex = 0; path = bitspls.app; sourceTree = BUILT_PRODUCTS_DIR; };
		7FC30AB31BED567800BFA883 /* AppDelegate.swift */ = {isa = PBXFileReference; lastKnownFileType = sourcecode.swift; path = AppDelegate.swift; sourceTree = "<group>"; };
		7FC30AB51BED567800BFA883 /* ViewController.swift */ = {isa = PBXFileReference; lastKnownFileType = sourcecode.swift; path = ViewController.swift; sourceTree = "<group>"; };
		7FC30AB81BED567800BFA883 /* Base */ = {isa = PBXFileReference; lastKnownFileType = file.storyboard; name = Base; path = Base.lproj/Main.storyboard; sourceTree = "<group>"; };
		7FC30ABA1BED567800BFA883 /* Assets.xcassets */ = {isa = PBXFileReference; lastKnownFileType = folder.assetcatalog; path = Assets.xcassets; sourceTree = "<group>"; };
		7FC30ABD1BED567800BFA883 /* Base */ = {isa = PBXFileReference; lastKnownFileType = file.storyboard; name = Base; path = Base.lproj/LaunchScreen.storyboard; sourceTree = "<group>"; };
		7FC30ABF1BED567800BFA883 /* Info.plist */ = {isa = PBXFileReference; lastKnownFileType = text.plist.xml; path = Info.plist; sourceTree = "<group>"; };
		7FC30AC41BED567800BFA883 /* bitsplsTests.xctest */ = {isa = PBXFileReference; explicitFileType = wrapper.cfbundle; includeInIndex = 0; path = bitsplsTests.xctest; sourceTree = BUILT_PRODUCTS_DIR; };
		7FC30AC81BED567800BFA883 /* bitsplsTests.swift */ = {isa = PBXFileReference; lastKnownFileType = sourcecode.swift; path = bitsplsTests.swift; sourceTree = "<group>"; };
		7FC30ACA1BED567800BFA883 /* Info.plist */ = {isa = PBXFileReference; lastKnownFileType = text.plist.xml; path = Info.plist; sourceTree = "<group>"; };
		7FC30ACF1BED567800BFA883 /* bitsplsUITests.xctest */ = {isa = PBXFileReference; explicitFileType = wrapper.cfbundle; includeInIndex = 0; path = bitsplsUITests.xctest; sourceTree = BUILT_PRODUCTS_DIR; };
		7FC30AD31BED567800BFA883 /* bitsplsUITests.swift */ = {isa = PBXFileReference; lastKnownFileType = sourcecode.swift; path = bitsplsUITests.swift; sourceTree = "<group>"; };
		7FC30AD51BED567800BFA883 /* Info.plist */ = {isa = PBXFileReference; lastKnownFileType = text.plist.xml; path = Info.plist; sourceTree = "<group>"; };
/* End PBXFileReference section */

/* Begin PBXFrameworksBuildPhase section */
		7FC30AAD1BED567700BFA883 /* Frameworks */ = {
			isa = PBXFrameworksBuildPhase;
			buildActionMask = 2147483647;
			files = (
			);
			runOnlyForDeploymentPostprocessing = 0;
		};
		7FC30AC11BED567800BFA883 /* Frameworks */ = {
			isa = PBXFrameworksBuildPhase;
			buildActionMask = 2147483647;
			files = (
			);
			runOnlyForDeploymentPostprocessing = 0;
		};
		7FC30ACC1BED567800BFA883 /* Frameworks */ = {
			isa = PBXFrameworksBuildPhase;
			buildActionMask = 2147483647;
			files = (
			);
			runOnlyForDeploymentPostprocessing = 0;
		};
/* End PBXFrameworksBuildPhase section */

/* Begin PBXGroup section */
		7FC30AA71BED567700BFA883 = {
			isa = PBXGroup;
			children = (
				7FC30AB21BED567800BFA883 /* bitspls */,
				7FC30AC71BED567800BFA883 /* bitsplsTests */,
				7FC30AD21BED567800BFA883 /* bitsplsUITests */,
				7FC30AB11BED567700BFA883 /* Products */,
			);
			sourceTree = "<group>";
		};
		7FC30AB11BED567700BFA883 /* Products */ = {
			isa = PBXGroup;
			children = (
				7FC30AB01BED567700BFA883 /* bitspls.app */,
				7FC30AC41BED567800BFA883 /* bitsplsTests.xctest */,
				7FC30ACF1BED567800BFA883 /* bitsplsUITests.xctest */,
			);
			name = Products;
			sourceTree = "<group>";
		};
		7FC30AB21BED567800BFA883 /* bitspls */ = {
			isa = PBXGroup;
			children = (
				7FC30AB31BED567800BFA883 /* AppDelegate.swift */,
				7FC30AB51BED567800BFA883 /* ViewController.swift */,
				7FC30AB71BED567800BFA883 /* Main.storyboard */,
				7FC30ABA1BED567800BFA883 /* Assets.xcassets */,
				7FC30ABC1BED567800BFA883 /* LaunchScreen.storyboard */,
				7FC30ABF1BED567800BFA883 /* Info.plist */,
			);
			path = bitspls;
			sourceTree = "<group>";
		};
		7FC30AC71BED567800BFA883 /* bitsplsTests */ = {
			isa = PBXGroup;
			children = (
				7FC30AC81BED567800BFA883 /* bitsplsTests.swift */,
				7FC30ACA1BED567800BFA883 /* Info.plist */,
			);
			path = bitsplsTests;
			sourceTree = "<group>";
		};
		7FC30AD21BED567800BFA883 /* bitsplsUITests */ = {
			isa = PBXGroup;
			children = (
				7FC30AD31BED567800BFA883 /* bitsplsUITests.swift */,
				7FC30AD51BED567800BFA883 /* Info.plist */,
			);
			path = bitsplsUITests;
			sourceTree = "<group>";
		};
/* End PBXGroup section */

/* Begin PBXNativeTarget section */
		7FC30AAF1BED567700BFA883 /* bitspls */ = {
			isa = PBXNativeTarget;
			buildConfigurationList = 7FC30AD81BED567800BFA883 /* Build configuration list for PBXNativeTarget "bitspls" */;
			buildPhases = (
				7FC30AAC1BED567700BFA883 /* Sources */,
				7FC30AAD1BED567700BFA883 /* Frameworks */,
				7FC30AAE1BED567700BFA883 /* Resources */,
			);
			buildRules = (
			);
			dependencies = (
			);
			name = bitspls;
			productName = bitspls;
			productReference = 7FC30AB01BED567700BFA883 /* bitspls.app */;
			productType = "com.apple.product-type.application";
		};
		7FC30AC31BED567800BFA883 /* bitsplsTests */ = {
			isa = PBXNativeTarget;
			buildConfigurationList = 7FC30ADB1BED567800BFA883 /* Build configuration list for PBXNativeTarget "bitsplsTests" */;
			buildPhases = (
				7FC30AC01BED567800BFA883 /* Sources */,
				7FC30AC11BED567800BFA883 /* Frameworks */,
				7FC30AC21BED567800BFA883 /* Resources */,
			);
			buildRules = (
			);
			dependencies = (
				7FC30AC61BED567800BFA883 /* PBXTargetDependency */,
			);
			name = bitsplsTests;
			productName = bitsplsTests;
			productReference = 7FC30AC41BED567800BFA883 /* bitsplsTests.xctest */;
			productType = "com.apple.product-type.bundle.unit-test";
		};
		7FC30ACE1BED567800BFA883 /* bitsplsUITests */ = {
			isa = PBXNativeTarget;
			buildConfigurationList = 7FC30ADE1BED567800BFA883 /* Build configuration list for PBXNativeTarget "bitsplsUITests" */;
			buildPhases = (
				7FC30ACB1BED567800BFA883 /* Sources */,
				7FC30ACC1BED567800BFA883 /* Frameworks */,
				7FC30ACD1BED567800BFA883 /* Resources */,
			);
			buildRules = (
			);
			dependencies = (
				7FC30AD11BED567800BFA883 /* PBXTargetDependency */,
			);
			name = bitsplsUITests;
			productName = bitsplsUITests;
			productReference = 7FC30ACF1BED567800BFA883 /* bitsplsUITests.xctest */;
			productType = "com.apple.product-type.bundle.ui-testing";
		};
/* End PBXNativeTarget section */

/* Begin PBXProject section */
		7FC30AA81BED567700BFA883 /* Project object */ = {
			isa = PBXProject;
			attributes = {
				LastSwiftUpdateCheck = 0710;
				LastUpgradeCheck = 0710;
				ORGANIZATIONNAME = bitspls;
				TargetAttributes = {
					7FC30AAF1BED567700BFA883 = {
						CreatedOnToolsVersion = 7.1;
					};
					7FC30AC31BED567800BFA883 = {
						CreatedOnToolsVersion = 7.1;
						TestTargetID = 7FC30AAF1BED567700BFA883;
					};
					7FC30ACE1BED567800BFA883 = {
						CreatedOnToolsVersion = 7.1;
						TestTargetID = 7FC30AAF1BED567700BFA883;
					};
				};
			};
			buildConfigurationList = 7FC30AAB1BED567700BFA883 /* Build configuration list for PBXProject "bitspls" */;
			compatibilityVersion = "Xcode 3.2";
			developmentRegion = English;
			hasScannedForEncodings = 0;
			knownRegions = (
				en,
				Base,
			);
			mainGroup = 7FC30AA71BED567700BFA883;
			productRefGroup = 7FC30AB11BED567700BFA883 /* Products */;
			projectDirPath = "";
			projectRoot = "";
			targets = (
				7FC30AAF1BED567700BFA883 /* bitspls */,
				7FC30AC31BED567800BFA883 /* bitsplsTests */,
				7FC30ACE1BED567800BFA883 /* bitsplsUITests */,
			);
		};
/* End PBXProject section */

/* Begin PBXResourcesBuildPhase section */
		7FC30AAE1BED567700BFA883 /* Resources */ = {
			isa = PBXResourcesBuildPhase;
			buildActionMask = 2147483647;
			files = (
				7FC30ABE1BED567800BFA883 /* LaunchScreen.storyboard in Resources */,
				7FC30ABB1BED567800BFA883 /* Assets.xcassets in Resources */,
				7FC30AB91BED567800BFA883 /* Main.storyboard in Resources */,
			);
			runOnlyForDeploymentPostprocessing = 0;
		};
		7FC30AC21BED567800BFA883 /* Resources */ = {
			isa = PBXResourcesBuildPhase;
			buildActionMask = 2147483647;
			files = (
			);
			runOnlyForDeploymentPostprocessing = 0;
		};
		7FC30ACD1BED567800BFA883 /* Resources */ = {
			isa = PBXResourcesBuildPhase;
			buildActionMask = 2147483647;
			files = (
			);
			runOnlyForDeploymentPostprocessing = 0;
		};
/* End PBXResourcesBuildPhase section */

/* Begin PBXSourcesBuildPhase section */
		7FC30AAC1BED567700BFA883 /* Sources */ = {
			isa = PBXSourcesBuildPhase;
			buildActionMask = 2147483647;
			files = (
				7FC30AB61BED567800BFA883 /* ViewController.swift in Sources */,
				7FC30AB41BED567800BFA883 /* AppDelegate.swift in Sources */,
			);
			runOnlyForDeploymentPostprocessing = 0;
		};
		7FC30AC01BED567800BFA883 /* Sources */ = {
			isa = PBXSourcesBuildPhase;
			buildActionMask = 2147483647;
			files = (
				7FC30AC91BED567800BFA883 /* bitsplsTests.swift in Sources */,
			);
			runOnlyForDeploymentPostprocessing = 0;
		};
		7FC30ACB1BED567800BFA883 /* Sources */ = {
			isa = PBXSourcesBuildPhase;
			buildActionMask = 2147483647;
			files = (
				7FC30AD41BED567800BFA883 /* bitsplsUITests.swift in Sources */,
			);
			runOnlyForDeploymentPostprocessing = 0;
		};
/* End PBXSourcesBuildPhase section */

/* Begin PBXTargetDependency section */
		7FC30AC61BED567800BFA883 /* PBXTargetDependency */ = {
			isa = PBXTargetDependency;
			target = 7FC30AAF1BED567700BFA883 /* bitspls */;
			targetProxy = 7FC30AC51BED567800BFA883 /* PBXContainerItemProxy */;
		};
		7FC30AD11BED567800BFA883 /* PBXTargetDependency */ = {
			isa = PBXTargetDependency;
			target = 7FC30AAF1BED567700BFA883 /* bitspls */;
			targetProxy = 7FC30AD01BED567800BFA883 /* PBXContainerItemProxy */;
		};
/* End PBXTargetDependency section */

/* Begin PBXVariantGroup section */
		7FC30AB71BED567800BFA883 /* Main.storyboard */ = {
			isa = PBXVariantGroup;
			children = (
				7FC30AB81BED567800BFA883 /* Base */,
			);
			name = Main.storyboard;
			sourceTree = "<group>";
		};
		7FC30ABC1BED567800BFA883 /* LaunchScreen.storyboard */ = {
			isa = PBXVariantGroup;
			children = (
				7FC30ABD1BED567800BFA883 /* Base */,
			);
			name = LaunchScreen.storyboard;
			sourceTree = "<group>";
		};
/* End PBXVariantGroup section */

/* Begin XCBuildConfiguration section */
		7FC30AD61BED567800BFA883 /* Debug */ = {
			isa = XCBuildConfiguration;
			buildSettings = {
				ALWAYS_SEARCH_USER_PATHS = NO;
				CLANG_CXX_LANGUAGE_STANDARD = "gnu++0x";
				CLANG_CXX_LIBRARY = "libc++";
				CLANG_ENABLE_MODULES = YES;
				CLANG_ENABLE_OBJC_ARC = YES;
				CLANG_WARN_BOOL_CONVERSION = YES;
				CLANG_WARN_CONSTANT_CONVERSION = YES;
				CLANG_WARN_DIRECT_OBJC_ISA_USAGE = YES_ERROR;
				CLANG_WARN_EMPTY_BODY = YES;
				CLANG_WARN_ENUM_CONVERSION = YES;
				CLANG_WARN_INT_CONVERSION = YES;
				CLANG_WARN_OBJC_ROOT_CLASS = YES_ERROR;
				CLANG_WARN_UNREACHABLE_CODE = YES;
				CLANG_WARN__DUPLICATE_METHOD_MATCH = YES;
				"CODE_SIGN_IDENTITY[sdk=iphoneos*]" = "iPhone Developer";
				COPY_PHASE_STRIP = NO;
				DEBUG_INFORMATION_FORMAT = dwarf;
				ENABLE_STRICT_OBJC_MSGSEND = YES;
				ENABLE_TESTABILITY = YES;
				GCC_C_LANGUAGE_STANDARD = gnu99;
				GCC_DYNAMIC_NO_PIC = NO;
				GCC_NO_COMMON_BLOCKS = YES;
				GCC_OPTIMIZATION_LEVEL = 0;
				GCC_PREPROCESSOR_DEFINITIONS = (
					"DEBUG=1",
					"$(inherited)",
				);
				GCC_WARN_64_TO_32_BIT_CONVERSION = YES;
				GCC_WARN_ABOUT_RETURN_TYPE = YES_ERROR;
				GCC_WARN_UNDECLARED_SELECTOR = YES;
				GCC_WARN_UNINITIALIZED_AUTOS = YES_AGGRESSIVE;
				GCC_WARN_UNUSED_FUNCTION = YES;
				GCC_WARN_UNUSED_VARIABLE = YES;
				IPHONEOS_DEPLOYMENT_TARGET = 9.1;
				MTL_ENABLE_DEBUG_INFO = YES;
				ONLY_ACTIVE_ARCH = YES;
				SDKROOT = iphoneos;
				SWIFT_OPTIMIZATION_LEVEL = "-Onone";
				TARGETED_DEVICE_FAMILY = "1,2";
			};
			name = Debug;
		};
		7FC30AD71BED567800BFA883 /* Release */ = {
			isa = XCBuildConfiguration;
			buildSettings = {
				ALWAYS_SEARCH_USER_PATHS = NO;
				CLANG_CXX_LANGUAGE_STANDARD = "gnu++0x";
				CLANG_CXX_LIBRARY = "libc++";
				CLANG_ENABLE_MODULES = YES;
				CLANG_ENABLE_OBJC_ARC = YES;
				CLANG_WARN_BOOL_CONVERSION = YES;
				CLANG_WARN_CONSTANT_CONVERSION = YES;
				CLANG_WARN_DIRECT_OBJC_ISA_USAGE = YES_ERROR;
				CLANG_WARN_EMPTY_BODY = YES;
				CLANG_WARN_ENUM_CONVERSION = YES;
				CLANG_WARN_INT_CONVERSION = YES;
				CLANG_WARN_OBJC_ROOT_CLASS = YES_ERROR;
				CLANG_WARN_UNREACHABLE_CODE = YES;
				CLANG_WARN__DUPLICATE_METHOD_MATCH = YES;
				"CODE_SIGN_IDENTITY[sdk=iphoneos*]" = "iPhone Developer";
				COPY_PHASE_STRIP = NO;
				DEBUG_INFORMATION_FORMAT = "dwarf-with-dsym";
				ENABLE_NS_ASSERTIONS = NO;
				ENABLE_STRICT_OBJC_MSGSEND = YES;
				GCC_C_LANGUAGE_STANDARD = gnu99;
				GCC_NO_COMMON_BLOCKS = YES;
				GCC_WARN_64_TO_32_BIT_CONVERSION = YES;
				GCC_WARN_ABOUT_RETURN_TYPE = YES_ERROR;
				GCC_WARN_UNDECLARED_SELECTOR = YES;
				GCC_WARN_UNINITIALIZED_AUTOS = YES_AGGRESSIVE;
				GCC_WARN_UNUSED_FUNCTION = YES;
				GCC_WARN_UNUSED_VARIABLE = YES;
				IPHONEOS_DEPLOYMENT_TARGET = 9.1;
				MTL_ENABLE_DEBUG_INFO = NO;
				SDKROOT = iphoneos;
				TARGETED_DEVICE_FAMILY = "1,2";
				VALIDATE_PRODUCT = YES;
			};
			name = Release;
		};
		7FC30AD91BED567800BFA883 /* Debug */ = {
			isa = XCBuildConfiguration;
			buildSettings = {
				ASSETCATALOG_COMPILER_APPICON_NAME = AppIcon;
				INFOPLIST_FILE = bitspls/Info.plist;
				LD_RUNPATH_SEARCH_PATHS = "$(inherited) @executable_path/Frameworks";
				PRODUCT_BUNDLE_IDENTIFIER = com.bitpls.bitspls;
				PRODUCT_NAME = "$(TARGET_NAME)";
			};
			name = Debug;
		};
		7FC30ADA1BED567800BFA883 /* Release */ = {
			isa = XCBuildConfiguration;
			buildSettings = {
				ASSETCATALOG_COMPILER_APPICON_NAME = AppIcon;
				INFOPLIST_FILE = bitspls/Info.plist;
				LD_RUNPATH_SEARCH_PATHS = "$(inherited) @executable_path/Frameworks";
				PRODUCT_BUNDLE_IDENTIFIER = com.bitpls.bitspls;
				PRODUCT_NAME = "$(TARGET_NAME)";
			};
			name = Release;
		};
		7FC30ADC1BED567800BFA883 /* Debug */ = {
			isa = XCBuildConfiguration;
			buildSettings = {
				BUNDLE_LOADER = "$(TEST_HOST)";
				INFOPLIST_FILE = bitsplsTests/Info.plist;
				LD_RUNPATH_SEARCH_PATHS = "$(inherited) @executable_path/Frameworks @loader_path/Frameworks";
				PRODUCT_BUNDLE_IDENTIFIER = com.bitpls.bitsplsTests;
				PRODUCT_NAME = "$(TARGET_NAME)";
				TEST_HOST = "$(BUILT_PRODUCTS_DIR)/bitspls.app/bitspls";
			};
			name = Debug;
		};
		7FC30ADD1BED567800BFA883 /* Release */ = {
			isa = XCBuildConfiguration;
			buildSettings = {
				BUNDLE_LOADER = "$(TEST_HOST)";
				INFOPLIST_FILE = bitsplsTests/Info.plist;
				LD_RUNPATH_SEARCH_PATHS = "$(inherited) @executable_path/Frameworks @loader_path/Frameworks";
				PRODUCT_BUNDLE_IDENTIFIER = com.bitpls.bitsplsTests;
				PRODUCT_NAME = "$(TARGET_NAME)";
				TEST_HOST = "$(BUILT_PRODUCTS_DIR)/bitspls.app/bitspls";
			};
			name = Release;
		};
		7FC30ADF1BED567800BFA883 /* Debug */ = {
			isa = XCBuildConfiguration;
			buildSettings = {
				INFOPLIST_FILE = bitsplsUITests/Info.plist;
				LD_RUNPATH_SEARCH_PATHS = "$(inherited) @executable_path/Frameworks @loader_path/Frameworks";
				PRODUCT_BUNDLE_IDENTIFIER = com.bitpls.bitsplsUITests;
				PRODUCT_NAME = "$(TARGET_NAME)";
				TEST_TARGET_NAME = bitspls;
				USES_XCTRUNNER = YES;
			};
			name = Debug;
		};
		7FC30AE01BED567800BFA883 /* Release */ = {
			isa = XCBuildConfiguration;
			buildSettings = {
				INFOPLIST_FILE = bitsplsUITests/Info.plist;
				LD_RUNPATH_SEARCH_PATHS = "$(inherited) @executable_path/Frameworks @loader_path/Frameworks";
				PRODUCT_BUNDLE_IDENTIFIER = com.bitpls.bitsplsUITests;
				PRODUCT_NAME = "$(TARGET_NAME)";
				TEST_TARGET_NAME = bitspls;
				USES_XCTRUNNER = YES;
			};
			name = Release;
		};
/* End XCBuildConfiguration section */

/* Begin XCConfigurationList section */
		7FC30AAB1BED567700BFA883 /* Build configuration list for PBXProject "bitspls" */ = {
			isa = XCConfigurationList;
			buildConfigurations = (
				7FC30AD61BED567800BFA883 /* Debug */,
				7FC30AD71BED567800BFA883 /* Release */,
			);
			defaultConfigurationIsVisible = 0;
			defaultConfigurationName = Release;
		};
		7FC30AD81BED567800BFA883 /* Build configuration list for PBXNativeTarget "bitspls" */ = {
			isa = XCConfigurationList;
			buildConfigurations = (
				7FC30AD91BED567800BFA883 /* Debug */,
				7FC30ADA1BED567800BFA883 /* Release */,
			);
			defaultConfigurationIsVisible = 0;
		};
		7FC30ADB1BED567800BFA883 /* Build configuration list for PBXNativeTarget "bitsplsTests" */ = {
			isa = XCConfigurationList;
			buildConfigurations = (
				7FC30ADC1BED567800BFA883 /* Debug */,
				7FC30ADD1BED567800BFA883 /* Release */,
			);
			defaultConfigurationIsVisible = 0;
		};
		7FC30ADE1BED567800BFA883 /* Build configuration list for PBXNativeTarget "bitsplsUITests" */ = {
			isa = XCConfigurationList;
			buildConfigurations = (
				7FC30ADF1BED567800BFA883 /* Debug */,
				7FC30AE01BED567800BFA883 /* Release */,
			);
			defaultConfigurationIsVisible = 0;
		};
/* End XCConfigurationList section */
	};
	rootObject = 7FC30AA81BED567700BFA883 /* Project object */;
}
