// !$*UTF8*$!
{
	archiveVersion = 1;
	classes = {
	};
	objectVersion = 46;
	objects = {

/* Begin PBXBuildFile section */
		225E4C6F1BEE539000DD367C /* IHViewController.swift in Sources */ = {isa = PBXBuildFile; fileRef = 225E4C6E1BEE539000DD367C /* IHViewController.swift */; };
		22C74BEB1BEE79BE00877AE1 /* KAAddItemViewController.swift in Sources */ = {isa = PBXBuildFile; fileRef = 22C74BEA1BEE79BE00877AE1 /* KAAddItemViewController.swift */; };
		22D7F4E01BEE912A00B5B68C /* KAAddItemTextField.swift in Sources */ = {isa = PBXBuildFile; fileRef = 22D7F4DF1BEE912900B5B68C /* KAAddItemTextField.swift */; };
		7F31FFC41BEE16ED0031D728 /* KADetailTableViewController.swift in Sources */ = {isa = PBXBuildFile; fileRef = 7F31FFC31BEE16ED0031D728 /* KADetailTableViewController.swift */; };
		7F9B8F5B1BEE6D3100C6C721 /* KATitleTableViewCell.swift in Sources */ = {isa = PBXBuildFile; fileRef = 7F9B8F5A1BEE6D3100C6C721 /* KATitleTableViewCell.swift */; };
		7FB0D8F41BEE1A650009E5E6 /* KADescriptionTableViewCell.swift in Sources */ = {isa = PBXBuildFile; fileRef = 7FB0D8F31BEE1A650009E5E6 /* KADescriptionTableViewCell.swift */; };
		7FB0D8FD1BEE2C7D0009E5E6 /* KADetailTableViewCell.swift in Sources */ = {isa = PBXBuildFile; fileRef = 7FB0D8FC1BEE2C7D0009E5E6 /* KADetailTableViewCell.swift */; };
		7FB0D8FF1BEE38AF0009E5E6 /* KAModel.swift in Sources */ = {isa = PBXBuildFile; fileRef = 7FB0D8FE1BEE38AF0009E5E6 /* KAModel.swift */; };
		7FB16CC31BEDF917002AF60D /* CustomColors.swift in Sources */ = {isa = PBXBuildFile; fileRef = 7FB16CC21BEDF917002AF60D /* CustomColors.swift */; };
		7FC30AB41BED567800BFA883 /* AppDelegate.swift in Sources */ = {isa = PBXBuildFile; fileRef = 7FC30AB31BED567800BFA883 /* AppDelegate.swift */; };
		7FC30AB61BED567800BFA883 /* KAViewController.swift in Sources */ = {isa = PBXBuildFile; fileRef = 7FC30AB51BED567800BFA883 /* KAViewController.swift */; };
		7FC30AB91BED567800BFA883 /* Main.storyboard in Resources */ = {isa = PBXBuildFile; fileRef = 7FC30AB71BED567800BFA883 /* Main.storyboard */; };
		7FC30ABB1BED567800BFA883 /* Assets.xcassets in Resources */ = {isa = PBXBuildFile; fileRef = 7FC30ABA1BED567800BFA883 /* Assets.xcassets */; };
		7FC30ABE1BED567800BFA883 /* LaunchScreen.storyboard in Resources */ = {isa = PBXBuildFile; fileRef = 7FC30ABC1BED567800BFA883 /* LaunchScreen.storyboard */; };
		7FC30AC91BED567800BFA883 /* bitsplsTests.swift in Sources */ = {isa = PBXBuildFile; fileRef = 7FC30AC81BED567800BFA883 /* bitsplsTests.swift */; };
		7FC30AD41BED567800BFA883 /* bitsplsUITests.swift in Sources */ = {isa = PBXBuildFile; fileRef = 7FC30AD31BED567800BFA883 /* bitsplsUITests.swift */; };
		7FC30AE41BED5CB800BFA883 /* KACollectionViewCell.swift in Sources */ = {isa = PBXBuildFile; fileRef = 7FC30AE31BED5CB800BFA883 /* KACollectionViewCell.swift */; };
		7FC30AE71BED645900BFA883 /* KAItem.swift in Sources */ = {isa = PBXBuildFile; fileRef = 7FC30AE61BED645900BFA883 /* KAItem.swift */; };
		917F24E7CCEB3EFDD83ACA0D /* Pods_bitspls.framework in Frameworks */ = {isa = PBXBuildFile; fileRef = 5D6C8F5C26D2AD22B800A05B /* Pods_bitspls.framework */; };
/* End PBXBuildFile section */

/* Begin PBXContainerItemProxy section */
		7FC30AC51BED567800BFA883 /* PBXContainerItemProxy */ = {
			isa = PBXContainerItemProxy;
			containerPortal = 7FC30AA81BED567700BFA883 /* Project object */;
			proxyType = 1;
			remoteGlobalIDString = 7FC30AAF1BED567700BFA883;
			remoteInfo = bitspls;
		};
		7FC30AD01BED567800BFA883 /* PBXContainerItemProxy */ = {
			isa = PBXContainerItemProxy;
			containerPortal = 7FC30AA81BED567700BFA883 /* Project object */;
			proxyType = 1;
			remoteGlobalIDString = 7FC30AAF1BED567700BFA883;
			remoteInfo = bitspls;
		};
/* End PBXContainerItemProxy section */

/* Begin PBXFileReference section */
		137DA4DD855E8B0171DA91ED /* Pods-bitspls.release.xcconfig */ = {isa = PBXFileReference; includeInIndex = 1; lastKnownFileType = text.xcconfig; name = "Pods-bitspls.release.xcconfig"; path = "Pods/Target Support Files/Pods-bitspls/Pods-bitspls.release.xcconfig"; sourceTree = "<group>"; };
		225E4C6E1BEE539000DD367C /* IHViewController.swift */ = {isa = PBXFileReference; fileEncoding = 4; lastKnownFileType = sourcecode.swift; path = IHViewController.swift; sourceTree = "<group>"; };
		22C74BEA1BEE79BE00877AE1 /* KAAddItemViewController.swift */ = {isa = PBXFileReference; fileEncoding = 4; lastKnownFileType = sourcecode.swift; path = KAAddItemViewController.swift; sourceTree = "<group>"; };
		22D7F4DF1BEE912900B5B68C /* KAAddItemTextField.swift */ = {isa = PBXFileReference; fileEncoding = 4; lastKnownFileType = sourcecode.swift; path = KAAddItemTextField.swift; sourceTree = "<group>"; };
		5D6C8F5C26D2AD22B800A05B /* Pods_bitspls.framework */ = {isa = PBXFileReference; explicitFileType = wrapper.framework; includeInIndex = 0; path = Pods_bitspls.framework; sourceTree = BUILT_PRODUCTS_DIR; };
		7F31FFC31BEE16ED0031D728 /* KADetailTableViewController.swift */ = {isa = PBXFileReference; fileEncoding = 4; lastKnownFileType = sourcecode.swift; path = KADetailTableViewController.swift; sourceTree = "<group>"; };
		7F9B8F5A1BEE6D3100C6C721 /* KATitleTableViewCell.swift */ = {isa = PBXFileReference; fileEncoding = 4; lastKnownFileType = sourcecode.swift; path = KATitleTableViewCell.swift; sourceTree = "<group>"; };
		7FB0D8F31BEE1A650009E5E6 /* KADescriptionTableViewCell.swift */ = {isa = PBXFileReference; fileEncoding = 4; lastKnownFileType = sourcecode.swift; path = KADescriptionTableViewCell.swift; sourceTree = "<group>"; };
		7FB0D8F51BEE1CB10009E5E6 /* bitspls-Bridging-Header.h */ = {isa = PBXFileReference; lastKnownFileType = sourcecode.c.h; path = "bitspls-Bridging-Header.h"; sourceTree = "<group>"; };
		7FB0D8FC1BEE2C7D0009E5E6 /* KADetailTableViewCell.swift */ = {isa = PBXFileReference; fileEncoding = 4; lastKnownFileType = sourcecode.swift; path = KADetailTableViewCell.swift; sourceTree = "<group>"; };
		7FB0D8FE1BEE38AF0009E5E6 /* KAModel.swift */ = {isa = PBXFileReference; fileEncoding = 4; lastKnownFileType = sourcecode.swift; path = KAModel.swift; sourceTree = "<group>"; };
		7FB16CC21BEDF917002AF60D /* CustomColors.swift */ = {isa = PBXFileReference; fileEncoding = 4; lastKnownFileType = sourcecode.swift; path = CustomColors.swift; sourceTree = "<group>"; };
		7FC30AB01BED567700BFA883 /* bitspls.app */ = {isa = PBXFileReference; explicitFileType = wrapper.application; includeInIndex = 0; path = bitspls.app; sourceTree = BUILT_PRODUCTS_DIR; };
		7FC30AB31BED567800BFA883 /* AppDelegate.swift */ = {isa = PBXFileReference; lastKnownFileType = sourcecode.swift; path = AppDelegate.swift; sourceTree = "<group>"; };
		7FC30AB51BED567800BFA883 /* KAViewController.swift */ = {isa = PBXFileReference; lastKnownFileType = sourcecode.swift; path = KAViewController.swift; sourceTree = "<group>"; };
		7FC30AB81BED567800BFA883 /* Base */ = {isa = PBXFileReference; lastKnownFileType = file.storyboard; name = Base; path = Base.lproj/Main.storyboard; sourceTree = "<group>"; };
		7FC30ABA1BED567800BFA883 /* Assets.xcassets */ = {isa = PBXFileReference; lastKnownFileType = folder.assetcatalog; path = Assets.xcassets; sourceTree = "<group>"; };
		7FC30ABD1BED567800BFA883 /* Base */ = {isa = PBXFileReference; lastKnownFileType = file.storyboard; name = Base; path = Base.lproj/LaunchScreen.storyboard; sourceTree = "<group>"; };
		7FC30ABF1BED567800BFA883 /* Info.plist */ = {isa = PBXFileReference; lastKnownFileType = text.plist.xml; path = Info.plist; sourceTree = "<group>"; };
		7FC30AC41BED567800BFA883 /* bitsplsTests.xctest */ = {isa = PBXFileReference; explicitFileType = wrapper.cfbundle; includeInIndex = 0; path = bitsplsTests.xctest; sourceTree = BUILT_PRODUCTS_DIR; };
		7FC30AC81BED567800BFA883 /* bitsplsTests.swift */ = {isa = PBXFileReference; lastKnownFileType = sourcecode.swift; path = bitsplsTests.swift; sourceTree = "<group>"; };
		7FC30ACA1BED567800BFA883 /* Info.plist */ = {isa = PBXFileReference; lastKnownFileType = text.plist.xml; path = Info.plist; sourceTree = "<group>"; };
		7FC30ACF1BED567800BFA883 /* bitsplsUITests.xctest */ = {isa = PBXFileReference; explicitFileType = wrapper.cfbundle; includeInIndex = 0; path = bitsplsUITests.xctest; sourceTree = BUILT_PRODUCTS_DIR; };
		7FC30AD31BED567800BFA883 /* bitsplsUITests.swift */ = {isa = PBXFileReference; lastKnownFileType = sourcecode.swift; path = bitsplsUITests.swift; sourceTree = "<group>"; };
		7FC30AD51BED567800BFA883 /* Info.plist */ = {isa = PBXFileReference; lastKnownFileType = text.plist.xml; path = Info.plist; sourceTree = "<group>"; };
		7FC30AE31BED5CB800BFA883 /* KACollectionViewCell.swift */ = {isa = PBXFileReference; fileEncoding = 4; lastKnownFileType = sourcecode.swift; path = KACollectionViewCell.swift; sourceTree = "<group>"; };
		7FC30AE61BED645900BFA883 /* KAItem.swift */ = {isa = PBXFileReference; fileEncoding = 4; lastKnownFileType = sourcecode.swift; path = KAItem.swift; sourceTree = "<group>"; };
		C0350D757714742C6EB68225 /* Pods-bitspls.debug.xcconfig */ = {isa = PBXFileReference; includeInIndex = 1; lastKnownFileType = text.xcconfig; name = "Pods-bitspls.debug.xcconfig"; path = "Pods/Target Support Files/Pods-bitspls/Pods-bitspls.debug.xcconfig"; sourceTree = "<group>"; };
/* End PBXFileReference section */

/* Begin PBXFrameworksBuildPhase section */
		7FC30AAD1BED567700BFA883 /* Frameworks */ = {
			isa = PBXFrameworksBuildPhase;
			buildActionMask = 2147483647;
			files = (
				917F24E7CCEB3EFDD83ACA0D /* Pods_bitspls.framework in Frameworks */,
			);
			runOnlyForDeploymentPostprocessing = 0;
		};
		7FC30AC11BED567800BFA883 /* Frameworks */ = {
			isa = PBXFrameworksBuildPhase;
			buildActionMask = 2147483647;
			files = (
			);
			runOnlyForDeploymentPostprocessing = 0;
		};
		7FC30ACC1BED567800BFA883 /* Frameworks */ = {
			isa = PBXFrameworksBuildPhase;
			buildActionMask = 2147483647;
			files = (
			);
			runOnlyForDeploymentPostprocessing = 0;
		};
/* End PBXFrameworksBuildPhase section */

/* Begin PBXGroup section */
		7FC30AA71BED567700BFA883 = {
			isa = PBXGroup;
			children = (
				7FC30AB21BED567800BFA883 /* bitspls */,
				7FC30AC71BED567800BFA883 /* bitsplsTests */,
				7FC30AD21BED567800BFA883 /* bitsplsUITests */,
				7FC30AB11BED567700BFA883 /* Products */,
				DA3A9F8E7027700C6BFDCA86 /* Pods */,
				CD7FB525C7620CC93BC319E3 /* Frameworks */,
			);
			sourceTree = "<group>";
		};
		7FC30AB11BED567700BFA883 /* Products */ = {
			isa = PBXGroup;
			children = (
				7FC30AB01BED567700BFA883 /* bitspls.app */,
				7FC30AC41BED567800BFA883 /* bitsplsTests.xctest */,
				7FC30ACF1BED567800BFA883 /* bitsplsUITests.xctest */,
			);
			name = Products;
			sourceTree = "<group>";
		};
		7FC30AB21BED567800BFA883 /* bitspls */ = {
			isa = PBXGroup;
			children = (
				7FC30AB71BED567800BFA883 /* Main.storyboard */,
				7FC30AE51BED5CC000BFA883 /* UI */,
				7FC30AE81BED645E00BFA883 /* Model */,
				7FC30AE11BED5BE600BFA883 /* Supporting files */,
			);
			path = bitspls;
			sourceTree = "<group>";
		};
		7FC30AC71BED567800BFA883 /* bitsplsTests */ = {
			isa = PBXGroup;
			children = (
				7FC30AC81BED567800BFA883 /* bitsplsTests.swift */,
				7FC30ACA1BED567800BFA883 /* Info.plist */,
			);
			path = bitsplsTests;
			sourceTree = SOURCE_ROOT;
		};
		7FC30AD21BED567800BFA883 /* bitsplsUITests */ = {
			isa = PBXGroup;
			children = (
				7FC30AD31BED567800BFA883 /* bitsplsUITests.swift */,
				7FC30AD51BED567800BFA883 /* Info.plist */,
			);
			path = bitsplsUITests;
			sourceTree = "<group>";
		};
		7FC30AE11BED5BE600BFA883 /* Supporting files */ = {
			isa = PBXGroup;
			children = (
				7FB0D8F51BEE1CB10009E5E6 /* bitspls-Bridging-Header.h */,
				7FC30AB31BED567800BFA883 /* AppDelegate.swift */,
				7FC30ABA1BED567800BFA883 /* Assets.xcassets */,
				7FC30ABC1BED567800BFA883 /* LaunchScreen.storyboard */,
				7FC30ABF1BED567800BFA883 /* Info.plist */,
				7FB16CC21BEDF917002AF60D /* CustomColors.swift */,
			);
			name = "Supporting files";
			sourceTree = "<group>";
		};
		7FC30AE21BED5C0800BFA883 /* View Controller */ = {
			isa = PBXGroup;
			children = (
				7FC30AB51BED567800BFA883 /* KAViewController.swift */,
				7F31FFC31BEE16ED0031D728 /* KADetailTableViewController.swift */,
				225E4C6E1BEE539000DD367C /* IHViewController.swift */,
				22C74BEA1BEE79BE00877AE1 /* KAAddItemViewController.swift */,
			);
			name = "View Controller";
			sourceTree = "<group>";
		};
		7FC30AE51BED5CC000BFA883 /* UI */ = {
			isa = PBXGroup;
			children = (
				7FC30AE21BED5C0800BFA883 /* View Controller */,
				7FC30AE31BED5CB800BFA883 /* KACollectionViewCell.swift */,
				7FB0D8F31BEE1A650009E5E6 /* KADescriptionTableViewCell.swift */,
				7FB0D8FC1BEE2C7D0009E5E6 /* KADetailTableViewCell.swift */,
				7F9B8F5A1BEE6D3100C6C721 /* KATitleTableViewCell.swift */,
				22D7F4DF1BEE912900B5B68C /* KAAddItemTextField.swift */,
			);
			name = UI;
			sourceTree = "<group>";
		};
		7FC30AE81BED645E00BFA883 /* Model */ = {
			isa = PBXGroup;
			children = (
				7FC30AE61BED645900BFA883 /* KAItem.swift */,
				7FB0D8FE1BEE38AF0009E5E6 /* KAModel.swift */,
			);
			name = Model;
			sourceTree = "<group>";
		};
		CD7FB525C7620CC93BC319E3 /* Frameworks */ = {
			isa = PBXGroup;
			children = (
				5D6C8F5C26D2AD22B800A05B /* Pods_bitspls.framework */,
			);
			name = Frameworks;
			sourceTree = "<group>";
		};
		DA3A9F8E7027700C6BFDCA86 /* Pods */ = {
			isa = PBXGroup;
			children = (
				C0350D757714742C6EB68225 /* Pods-bitspls.debug.xcconfig */,
				137DA4DD855E8B0171DA91ED /* Pods-bitspls.release.xcconfig */,
			);
			name = Pods;
			sourceTree = "<group>";
		};
/* End PBXGroup section */

/* Begin PBXNativeTarget section */
		7FC30AAF1BED567700BFA883 /* bitspls */ = {
			isa = PBXNativeTarget;
			buildConfigurationList = 7FC30AD81BED567800BFA883 /* Build configuration list for PBXNativeTarget "bitspls" */;
			buildPhases = (
				7314BBCAEBE04BF2BDDD18F0 /* Check Pods Manifest.lock */,
				7FC30AAC1BED567700BFA883 /* Sources */,
				7FC30AAD1BED567700BFA883 /* Frameworks */,
				7FC30AAE1BED567700BFA883 /* Resources */,
				2F6FCEAA0680D9B3FDB2035E /* Embed Pods Frameworks */,
				D731A30773553E9182B916DC /* Copy Pods Resources */,
			);
			buildRules = (
			);
			dependencies = (
			);
			name = bitspls;
			productName = bitspls;
			productReference = 7FC30AB01BED567700BFA883 /* bitspls.app */;
			productType = "com.apple.product-type.application";
		};
		7FC30AC31BED567800BFA883 /* bitsplsTests */ = {
			isa = PBXNativeTarget;
			buildConfigurationList = 7FC30ADB1BED567800BFA883 /* Build configuration list for PBXNativeTarget "bitsplsTests" */;
			buildPhases = (
				7FC30AC01BED567800BFA883 /* Sources */,
				7FC30AC11BED567800BFA883 /* Frameworks */,
				7FC30AC21BED567800BFA883 /* Resources */,
			);
			buildRules = (
			);
			dependencies = (
				7FC30AC61BED567800BFA883 /* PBXTargetDependency */,
			);
			name = bitsplsTests;
			productName = bitsplsTests;
			productReference = 7FC30AC41BED567800BFA883 /* bitsplsTests.xctest */;
			productType = "com.apple.product-type.bundle.unit-test";
		};
		7FC30ACE1BED567800BFA883 /* bitsplsUITests */ = {
			isa = PBXNativeTarget;
			buildConfigurationList = 7FC30ADE1BED567800BFA883 /* Build configuration list for PBXNativeTarget "bitsplsUITests" */;
			buildPhases = (
				7FC30ACB1BED567800BFA883 /* Sources */,
				7FC30ACC1BED567800BFA883 /* Frameworks */,
				7FC30ACD1BED567800BFA883 /* Resources */,
			);
			buildRules = (
			);
			dependencies = (
				7FC30AD11BED567800BFA883 /* PBXTargetDependency */,
			);
			name = bitsplsUITests;
			productName = bitsplsUITests;
			productReference = 7FC30ACF1BED567800BFA883 /* bitsplsUITests.xctest */;
			productType = "com.apple.product-type.bundle.ui-testing";
		};
/* End PBXNativeTarget section */

/* Begin PBXProject section */
		7FC30AA81BED567700BFA883 /* Project object */ = {
			isa = PBXProject;
			attributes = {
				LastSwiftUpdateCheck = 0710;
				LastUpgradeCheck = 0710;
				ORGANIZATIONNAME = bitspls;
				TargetAttributes = {
					7FC30AAF1BED567700BFA883 = {
						CreatedOnToolsVersion = 7.1;
					};
					7FC30AC31BED567800BFA883 = {
						CreatedOnToolsVersion = 7.1;
						TestTargetID = 7FC30AAF1BED567700BFA883;
					};
					7FC30ACE1BED567800BFA883 = {
						CreatedOnToolsVersion = 7.1;
						TestTargetID = 7FC30AAF1BED567700BFA883;
					};
				};
			};
			buildConfigurationList = 7FC30AAB1BED567700BFA883 /* Build configuration list for PBXProject "bitspls" */;
			compatibilityVersion = "Xcode 3.2";
			developmentRegion = English;
			hasScannedForEncodings = 0;
			knownRegions = (
				en,
				Base,
			);
			mainGroup = 7FC30AA71BED567700BFA883;
			productRefGroup = 7FC30AB11BED567700BFA883 /* Products */;
			projectDirPath = "";
			projectRoot = "";
			targets = (
				7FC30AAF1BED567700BFA883 /* bitspls */,
				7FC30AC31BED567800BFA883 /* bitsplsTests */,
				7FC30ACE1BED567800BFA883 /* bitsplsUITests */,
			);
		};
/* End PBXProject section */

/* Begin PBXResourcesBuildPhase section */
		7FC30AAE1BED567700BFA883 /* Resources */ = {
			isa = PBXResourcesBuildPhase;
			buildActionMask = 2147483647;
			files = (
				7FC30ABE1BED567800BFA883 /* LaunchScreen.storyboard in Resources */,
				7FC30ABB1BED567800BFA883 /* Assets.xcassets in Resources */,
				7FC30AB91BED567800BFA883 /* Main.storyboard in Resources */,
			);
			runOnlyForDeploymentPostprocessing = 0;
		};
		7FC30AC21BED567800BFA883 /* Resources */ = {
			isa = PBXResourcesBuildPhase;
			buildActionMask = 2147483647;
			files = (
			);
			runOnlyForDeploymentPostprocessing = 0;
		};
		7FC30ACD1BED567800BFA883 /* Resources */ = {
			isa = PBXResourcesBuildPhase;
			buildActionMask = 2147483647;
			files = (
			);
			runOnlyForDeploymentPostprocessing = 0;
		};
/* End PBXResourcesBuildPhase section */

/* Begin PBXShellScriptBuildPhase section */
		2F6FCEAA0680D9B3FDB2035E /* Embed Pods Frameworks */ = {
			isa = PBXShellScriptBuildPhase;
			buildActionMask = 2147483647;
			files = (
			);
			inputPaths = (
			);
			name = "Embed Pods Frameworks";
			outputPaths = (
			);
			runOnlyForDeploymentPostprocessing = 0;
			shellPath = /bin/sh;
			shellScript = "\"${SRCROOT}/Pods/Target Support Files/Pods-bitspls/Pods-bitspls-frameworks.sh\"\n";
			showEnvVarsInLog = 0;
		};
		7314BBCAEBE04BF2BDDD18F0 /* Check Pods Manifest.lock */ = {
			isa = PBXShellScriptBuildPhase;
			buildActionMask = 2147483647;
			files = (
			);
			inputPaths = (
			);
			name = "Check Pods Manifest.lock";
			outputPaths = (
			);
			runOnlyForDeploymentPostprocessing = 0;
			shellPath = /bin/sh;
			shellScript = "diff \"${PODS_ROOT}/../Podfile.lock\" \"${PODS_ROOT}/Manifest.lock\" > /dev/null\nif [[ $? != 0 ]] ; then\n    cat << EOM\nerror: The sandbox is not in sync with the Podfile.lock. Run 'pod install' or update your CocoaPods installation.\nEOM\n    exit 1\nfi\n";
			showEnvVarsInLog = 0;
		};
		D731A30773553E9182B916DC /* Copy Pods Resources */ = {
			isa = PBXShellScriptBuildPhase;
			buildActionMask = 2147483647;
			files = (
			);
			inputPaths = (
			);
			name = "Copy Pods Resources";
			outputPaths = (
			);
			runOnlyForDeploymentPostprocessing = 0;
			shellPath = /bin/sh;
			shellScript = "\"${SRCROOT}/Pods/Target Support Files/Pods-bitspls/Pods-bitspls-resources.sh\"\n";
			showEnvVarsInLog = 0;
		};
/* End PBXShellScriptBuildPhase section */

/* Begin PBXSourcesBuildPhase section */
		7FC30AAC1BED567700BFA883 /* Sources */ = {
			isa = PBXSourcesBuildPhase;
			buildActionMask = 2147483647;
			files = (
				7FC30AB61BED567800BFA883 /* KAViewController.swift in Sources */,
				225E4C6F1BEE539000DD367C /* IHViewController.swift in Sources */,
				7F31FFC41BEE16ED0031D728 /* KADetailTableViewController.swift in Sources */,
				7F9B8F5B1BEE6D3100C6C721 /* KATitleTableViewCell.swift in Sources */,
				7FB0D8FD1BEE2C7D0009E5E6 /* KADetailTableViewCell.swift in Sources */,
				22D7F4E01BEE912A00B5B68C /* KAAddItemTextField.swift in Sources */,
				7FB0D8FF1BEE38AF0009E5E6 /* KAModel.swift in Sources */,
				7FC30AB41BED567800BFA883 /* AppDelegate.swift in Sources */,
				22C74BEB1BEE79BE00877AE1 /* KAAddItemViewController.swift in Sources */,
				7FB16CC31BEDF917002AF60D /* CustomColors.swift in Sources */,
				7FB0D8F41BEE1A650009E5E6 /* KADescriptionTableViewCell.swift in Sources */,
				7FC30AE71BED645900BFA883 /* KAItem.swift in Sources */,
				7FC30AE41BED5CB800BFA883 /* KACollectionViewCell.swift in Sources */,
			);
			runOnlyForDeploymentPostprocessing = 0;
		};
		7FC30AC01BED567800BFA883 /* Sources */ = {
			isa = PBXSourcesBuildPhase;
			buildActionMask = 2147483647;
			files = (
				7FC30AC91BED567800BFA883 /* bitsplsTests.swift in Sources */,
			);
			runOnlyForDeploymentPostprocessing = 0;
		};
		7FC30ACB1BED567800BFA883 /* Sources */ = {
			isa = PBXSourcesBuildPhase;
			buildActionMask = 2147483647;
			files = (
				7FC30AD41BED567800BFA883 /* bitsplsUITests.swift in Sources */,
			);
			runOnlyForDeploymentPostprocessing = 0;
		};
/* End PBXSourcesBuildPhase section */

/* Begin PBXTargetDependency section */
		7FC30AC61BED567800BFA883 /* PBXTargetDependency */ = {
			isa = PBXTargetDependency;
			target = 7FC30AAF1BED567700BFA883 /* bitspls */;
			targetProxy = 7FC30AC51BED567800BFA883 /* PBXContainerItemProxy */;
		};
		7FC30AD11BED567800BFA883 /* PBXTargetDependency */ = {
			isa = PBXTargetDependency;
			target = 7FC30AAF1BED567700BFA883 /* bitspls */;
			targetProxy = 7FC30AD01BED567800BFA883 /* PBXContainerItemProxy */;
		};
/* End PBXTargetDependency section */

/* Begin PBXVariantGroup section */
		7FC30AB71BED567800BFA883 /* Main.storyboard */ = {
			isa = PBXVariantGroup;
			children = (
				7FC30AB81BED567800BFA883 /* Base */,
			);
			name = Main.storyboard;
			sourceTree = "<group>";
		};
		7FC30ABC1BED567800BFA883 /* LaunchScreen.storyboard */ = {
			isa = PBXVariantGroup;
			children = (
				7FC30ABD1BED567800BFA883 /* Base */,
			);
			name = LaunchScreen.storyboard;
			sourceTree = "<group>";
		};
/* End PBXVariantGroup section */

/* Begin XCBuildConfiguration section */
		7FC30AD61BED567800BFA883 /* Debug */ = {
			isa = XCBuildConfiguration;
			buildSettings = {
				ALWAYS_SEARCH_USER_PATHS = NO;
				CLANG_CXX_LANGUAGE_STANDARD = "gnu++0x";
				CLANG_CXX_LIBRARY = "libc++";
				CLANG_ENABLE_MODULES = YES;
				CLANG_ENABLE_OBJC_ARC = YES;
				CLANG_WARN_BOOL_CONVERSION = YES;
				CLANG_WARN_CONSTANT_CONVERSION = YES;
				CLANG_WARN_DIRECT_OBJC_ISA_USAGE = YES_ERROR;
				CLANG_WARN_EMPTY_BODY = YES;
				CLANG_WARN_ENUM_CONVERSION = YES;
				CLANG_WARN_INT_CONVERSION = YES;
				CLANG_WARN_OBJC_ROOT_CLASS = YES_ERROR;
				CLANG_WARN_UNREACHABLE_CODE = YES;
				CLANG_WARN__DUPLICATE_METHOD_MATCH = YES;
				"CODE_SIGN_IDENTITY[sdk=iphoneos*]" = "iPhone Developer";
				COPY_PHASE_STRIP = NO;
				DEBUG_INFORMATION_FORMAT = dwarf;
				ENABLE_STRICT_OBJC_MSGSEND = YES;
				ENABLE_TESTABILITY = YES;
				GCC_C_LANGUAGE_STANDARD = gnu99;
				GCC_DYNAMIC_NO_PIC = NO;
				GCC_NO_COMMON_BLOCKS = YES;
				GCC_OPTIMIZATION_LEVEL = 0;
				GCC_PREPROCESSOR_DEFINITIONS = (
					"DEBUG=1",
					"$(inherited)",
				);
				GCC_WARN_64_TO_32_BIT_CONVERSION = YES;
				GCC_WARN_ABOUT_RETURN_TYPE = YES_ERROR;
				GCC_WARN_UNDECLARED_SELECTOR = YES;
				GCC_WARN_UNINITIALIZED_AUTOS = YES_AGGRESSIVE;
				GCC_WARN_UNUSED_FUNCTION = YES;
				GCC_WARN_UNUSED_VARIABLE = YES;
				IPHONEOS_DEPLOYMENT_TARGET = 9.1;
				MTL_ENABLE_DEBUG_INFO = YES;
				ONLY_ACTIVE_ARCH = YES;
				SDKROOT = iphoneos;
				SWIFT_OPTIMIZATION_LEVEL = "-Onone";
				TARGETED_DEVICE_FAMILY = "1,2";
			};
			name = Debug;
		};
		7FC30AD71BED567800BFA883 /* Release */ = {
			isa = XCBuildConfiguration;
			buildSettings = {
				ALWAYS_SEARCH_USER_PATHS = NO;
				CLANG_CXX_LANGUAGE_STANDARD = "gnu++0x";
				CLANG_CXX_LIBRARY = "libc++";
				CLANG_ENABLE_MODULES = YES;
				CLANG_ENABLE_OBJC_ARC = YES;
				CLANG_WARN_BOOL_CONVERSION = YES;
				CLANG_WARN_CONSTANT_CONVERSION = YES;
				CLANG_WARN_DIRECT_OBJC_ISA_USAGE = YES_ERROR;
				CLANG_WARN_EMPTY_BODY = YES;
				CLANG_WARN_ENUM_CONVERSION = YES;
				CLANG_WARN_INT_CONVERSION = YES;
				CLANG_WARN_OBJC_ROOT_CLASS = YES_ERROR;
				CLANG_WARN_UNREACHABLE_CODE = YES;
				CLANG_WARN__DUPLICATE_METHOD_MATCH = YES;
				"CODE_SIGN_IDENTITY[sdk=iphoneos*]" = "iPhone Developer";
				COPY_PHASE_STRIP = NO;
				DEBUG_INFORMATION_FORMAT = "dwarf-with-dsym";
				ENABLE_NS_ASSERTIONS = NO;
				ENABLE_STRICT_OBJC_MSGSEND = YES;
				GCC_C_LANGUAGE_STANDARD = gnu99;
				GCC_NO_COMMON_BLOCKS = YES;
				GCC_WARN_64_TO_32_BIT_CONVERSION = YES;
				GCC_WARN_ABOUT_RETURN_TYPE = YES_ERROR;
				GCC_WARN_UNDECLARED_SELECTOR = YES;
				GCC_WARN_UNINITIALIZED_AUTOS = YES_AGGRESSIVE;
				GCC_WARN_UNUSED_FUNCTION = YES;
				GCC_WARN_UNUSED_VARIABLE = YES;
				IPHONEOS_DEPLOYMENT_TARGET = 9.1;
				MTL_ENABLE_DEBUG_INFO = NO;
				SDKROOT = iphoneos;
				TARGETED_DEVICE_FAMILY = "1,2";
				VALIDATE_PRODUCT = YES;
			};
			name = Release;
		};
		7FC30AD91BED567800BFA883 /* Debug */ = {
			isa = XCBuildConfiguration;
			baseConfigurationReference = C0350D757714742C6EB68225 /* Pods-bitspls.debug.xcconfig */;
			buildSettings = {
				ASSETCATALOG_COMPILER_APPICON_NAME = AppIcon;
				CLANG_ENABLE_MODULES = YES;
				INFOPLIST_FILE = bitspls/Info.plist;
				IPHONEOS_DEPLOYMENT_TARGET = 8.0;
				LD_RUNPATH_SEARCH_PATHS = "$(inherited) @executable_path/Frameworks";
				PRODUCT_BUNDLE_IDENTIFIER = com.bitpls.bitspls;
				PRODUCT_NAME = "$(TARGET_NAME)";
				SWIFT_OBJC_BRIDGING_HEADER = "bitspls/bitspls-Bridging-Header.h";
				SWIFT_OPTIMIZATION_LEVEL = "-Onone";
			};
			name = Debug;
		};
		7FC30ADA1BED567800BFA883 /* Release */ = {
			isa = XCBuildConfiguration;
			baseConfigurationReference = 137DA4DD855E8B0171DA91ED /* Pods-bitspls.release.xcconfig */;
			buildSettings = {
				ASSETCATALOG_COMPILER_APPICON_NAME = AppIcon;
				CLANG_ENABLE_MODULES = YES;
				INFOPLIST_FILE = bitspls/Info.plist;
				IPHONEOS_DEPLOYMENT_TARGET = 8.0;
				LD_RUNPATH_SEARCH_PATHS = "$(inherited) @executable_path/Frameworks";
				PRODUCT_BUNDLE_IDENTIFIER = com.bitpls.bitspls;
				PRODUCT_NAME = "$(TARGET_NAME)";
				SWIFT_OBJC_BRIDGING_HEADER = "bitspls/bitspls-Bridging-Header.h";
			};
			name = Release;
		};
		7FC30ADC1BED567800BFA883 /* Debug */ = {
			isa = XCBuildConfiguration;
			buildSettings = {
				BUNDLE_LOADER = "$(TEST_HOST)";
				INFOPLIST_FILE = bitsplsTests/Info.plist;
				LD_RUNPATH_SEARCH_PATHS = "$(inherited) @executable_path/Frameworks @loader_path/Frameworks";
				PRODUCT_BUNDLE_IDENTIFIER = com.bitpls.bitsplsTests;
				PRODUCT_NAME = "$(TARGET_NAME)";
				TEST_HOST = "$(BUILT_PRODUCTS_DIR)/bitspls.app/bitspls";
			};
			name = Debug;
		};
		7FC30ADD1BED567800BFA883 /* Release */ = {
			isa = XCBuildConfiguration;
			buildSettings = {
				BUNDLE_LOADER = "$(TEST_HOST)";
				INFOPLIST_FILE = bitsplsTests/Info.plist;
				LD_RUNPATH_SEARCH_PATHS = "$(inherited) @executable_path/Frameworks @loader_path/Frameworks";
				PRODUCT_BUNDLE_IDENTIFIER = com.bitpls.bitsplsTests;
				PRODUCT_NAME = "$(TARGET_NAME)";
				TEST_HOST = "$(BUILT_PRODUCTS_DIR)/bitspls.app/bitspls";
			};
			name = Release;
		};
		7FC30ADF1BED567800BFA883 /* Debug */ = {
			isa = XCBuildConfiguration;
			buildSettings = {
				INFOPLIST_FILE = bitsplsUITests/Info.plist;
				LD_RUNPATH_SEARCH_PATHS = "$(inherited) @executable_path/Frameworks @loader_path/Frameworks";
				PRODUCT_BUNDLE_IDENTIFIER = com.bitpls.bitsplsUITests;
				PRODUCT_NAME = "$(TARGET_NAME)";
				TEST_TARGET_NAME = bitspls;
				USES_XCTRUNNER = YES;
			};
			name = Debug;
		};
		7FC30AE01BED567800BFA883 /* Release */ = {
			isa = XCBuildConfiguration;
			buildSettings = {
				INFOPLIST_FILE = bitsplsUITests/Info.plist;
				LD_RUNPATH_SEARCH_PATHS = "$(inherited) @executable_path/Frameworks @loader_path/Frameworks";
				PRODUCT_BUNDLE_IDENTIFIER = com.bitpls.bitsplsUITests;
				PRODUCT_NAME = "$(TARGET_NAME)";
				TEST_TARGET_NAME = bitspls;
				USES_XCTRUNNER = YES;
			};
			name = Release;
		};
/* End XCBuildConfiguration section */

/* Begin XCConfigurationList section */
		7FC30AAB1BED567700BFA883 /* Build configuration list for PBXProject "bitspls" */ = {
			isa = XCConfigurationList;
			buildConfigurations = (
				7FC30AD61BED567800BFA883 /* Debug */,
				7FC30AD71BED567800BFA883 /* Release */,
			);
			defaultConfigurationIsVisible = 0;
			defaultConfigurationName = Release;
		};
		7FC30AD81BED567800BFA883 /* Build configuration list for PBXNativeTarget "bitspls" */ = {
			isa = XCConfigurationList;
			buildConfigurations = (
				7FC30AD91BED567800BFA883 /* Debug */,
				7FC30ADA1BED567800BFA883 /* Release */,
			);
			defaultConfigurationIsVisible = 0;
			defaultConfigurationName = Release;
		};
		7FC30ADB1BED567800BFA883 /* Build configuration list for PBXNativeTarget "bitsplsTests" */ = {
			isa = XCConfigurationList;
			buildConfigurations = (
				7FC30ADC1BED567800BFA883 /* Debug */,
				7FC30ADD1BED567800BFA883 /* Release */,
			);
			defaultConfigurationIsVisible = 0;
			defaultConfigurationName = Release;
		};
		7FC30ADE1BED567800BFA883 /* Build configuration list for PBXNativeTarget "bitsplsUITests" */ = {
			isa = XCConfigurationList;
			buildConfigurations = (
				7FC30ADF1BED567800BFA883 /* Debug */,
				7FC30AE01BED567800BFA883 /* Release */,
			);
			defaultConfigurationIsVisible = 0;
			defaultConfigurationName = Release;
		};
/* End XCConfigurationList section */
	};
	rootObject = 7FC30AA81BED567700BFA883 /* Project object */;
}
